
Microsoft Visual Studio Solution File, Format Version 12.00
# Visual Studio Version 17
VisualStudioVersion = 17.6.33723.286
MinimumVisualStudioVersion = 10.0.40219.1
Project("{FAE04EC0-301F-11D3-BF4B-00C04F79EFBC}") = "lindisinha", "lindisinha.csproj", "{8564BA97-AD6C-48F4-A2A5-F5CD510A0E68}"
EndProject
Global
	GlobalSection(SolutionConfigurationPlatforms) = preSolution
		Debug|Any CPU = Debug|Any CPU
		Release|Any CPU = Release|Any CPU
	EndGlobalSection
	GlobalSection(ProjectConfigurationPlatforms) = postSolution
		{8564BA97-AD6C-48F4-A2A5-F5CD510A0E68}.Debug|Any CPU.ActiveCfg = Debug|Any CPU
		{8564BA97-AD6C-48F4-A2A5-F5CD510A0E68}.Debug|Any CPU.Build.0 = Debug|Any CPU
		{8564BA97-AD6C-48F4-A2A5-F5CD510A0E68}.Release|Any CPU.ActiveCfg = Release|Any CPU
		{8564BA97-AD6C-48F4-A2A5-F5CD510A0E68}.Release|Any CPU.Build.0 = Release|Any CPU
	EndGlobalSection
	GlobalSection(SolutionProperties) = preSolution
		HideSolutionNode = FALSE
	EndGlobalSection
	GlobalSection(ExtensibilityGlobals) = postSolution
		SolutionGuid = {47B75C2A-73FF-42C5-9563-9691F28165AE}
	EndGlobalSection
EndGlobal
